
Microsoft Visual Studio Solution File, Format Version 12.00
# Visual Studio 14
VisualStudioVersion = 14.0.25123.0
MinimumVisualStudioVersion = 10.0.40219.1
Project("{FAE04EC0-301F-11D3-BF4B-00C04F79EFBC}") = "DAL", "DAL\DAL.csproj", "{F64CE910-E10F-4FA6-A3C5-6D12CC61C732}"
EndProject
Project("{FAE04EC0-301F-11D3-BF4B-00C04F79EFBC}") = "Entities", "Entities\Entities.csproj", "{0DEB25D3-7FB2-4C43-A9AF-58AF3A0AE804}"
EndProject
Project("{FAE04EC0-301F-11D3-BF4B-00C04F79EFBC}") = "BLL", "BLL\BLL.csproj", "{A792F4D7-9457-418B-8B9B-B10E1A8E94C0}"
EndProject
Project("{FAE04EC0-301F-11D3-BF4B-00C04F79EFBC}") = "web_application", "web_application\web_application.csproj", "{6E8EC624-D135-46FF-B694-94E81E3B042C}"
EndProject
Global
	GlobalSection(SolutionConfigurationPlatforms) = preSolution
		Debug|Any CPU = Debug|Any CPU
		Release|Any CPU = Release|Any CPU
	EndGlobalSection
	GlobalSection(ProjectConfigurationPlatforms) = postSolution
		{F64CE910-E10F-4FA6-A3C5-6D12CC61C732}.Debug|Any CPU.ActiveCfg = Debug|Any CPU
		{F64CE910-E10F-4FA6-A3C5-6D12CC61C732}.Debug|Any CPU.Build.0 = Debug|Any CPU
		{F64CE910-E10F-4FA6-A3C5-6D12CC61C732}.Release|Any CPU.ActiveCfg = Release|Any CPU
		{F64CE910-E10F-4FA6-A3C5-6D12CC61C732}.Release|Any CPU.Build.0 = Release|Any CPU
		{0DEB25D3-7FB2-4C43-A9AF-58AF3A0AE804}.Debug|Any CPU.ActiveCfg = Debug|Any CPU
		{0DEB25D3-7FB2-4C43-A9AF-58AF3A0AE804}.Debug|Any CPU.Build.0 = Debug|Any CPU
		{0DEB25D3-7FB2-4C43-A9AF-58AF3A0AE804}.Release|Any CPU.ActiveCfg = Release|Any CPU
		{0DEB25D3-7FB2-4C43-A9AF-58AF3A0AE804}.Release|Any CPU.Build.0 = Release|Any CPU
		{A792F4D7-9457-418B-8B9B-B10E1A8E94C0}.Debug|Any CPU.ActiveCfg = Debug|Any CPU
		{A792F4D7-9457-418B-8B9B-B10E1A8E94C0}.Debug|Any CPU.Build.0 = Debug|Any CPU
		{A792F4D7-9457-418B-8B9B-B10E1A8E94C0}.Release|Any CPU.ActiveCfg = Release|Any CPU
		{A792F4D7-9457-418B-8B9B-B10E1A8E94C0}.Release|Any CPU.Build.0 = Release|Any CPU
		{6E8EC624-D135-46FF-B694-94E81E3B042C}.Debug|Any CPU.ActiveCfg = Debug|Any CPU
		{6E8EC624-D135-46FF-B694-94E81E3B042C}.Debug|Any CPU.Build.0 = Debug|Any CPU
		{6E8EC624-D135-46FF-B694-94E81E3B042C}.Release|Any CPU.ActiveCfg = Release|Any CPU
		{6E8EC624-D135-46FF-B694-94E81E3B042C}.Release|Any CPU.Build.0 = Release|Any CPU
	EndGlobalSection
	GlobalSection(SolutionProperties) = preSolution
		HideSolutionNode = FALSE
	EndGlobalSection
EndGlobal
